
Microsoft Visual Studio Solution File, Format Version 12.00
Project("{FAE04EC0-301F-11D3-BF4B-00C04F79EFBC}") = "CarsDepoBuilder", "CarsDepoBuilder\CarsDepoBuilder.csproj", "{B81ED634-3861-4565-8FA8-474D7D240640}"
EndProject
Global
	GlobalSection(SolutionConfigurationPlatforms) = preSolution
		Debug|Any CPU = Debug|Any CPU
		Release|Any CPU = Release|Any CPU
	EndGlobalSection
	GlobalSection(ProjectConfigurationPlatforms) = postSolution
		{B81ED634-3861-4565-8FA8-474D7D240640}.Debug|Any CPU.ActiveCfg = Debug|Any CPU
		{B81ED634-3861-4565-8FA8-474D7D240640}.Debug|Any CPU.Build.0 = Debug|Any CPU
		{B81ED634-3861-4565-8FA8-474D7D240640}.Release|Any CPU.ActiveCfg = Release|Any CPU
		{B81ED634-3861-4565-8FA8-474D7D240640}.Release|Any CPU.Build.0 = Release|Any CPU
	EndGlobalSection
EndGlobal
